# generated by rye
# use `rye lock` or `rye sync` to update this lockfile
#
# last locked with the following flags:
#   pre: false
#   features: []
#   all-features: false
#   with-sources: false
#   generate-hashes: false
#   universal: false

-e file:.
aio-pika==9.4.3
    # via 2024-09-08-svaha-mini-back
aioredis==2.0.1
    # via 2024-09-08-svaha-mini-back
aiormq==6.8.1
    # via aio-pika
annotated-types==0.7.0
    # via pydantic
anyio==4.4.0
    # via starlette
async-timeout==4.0.3
    # via aioredis
    # via redis
black==24.8.0
boto3==1.35.18
    # via 2024-09-08-svaha-mini-back
botocore==1.35.18
    # via boto3
    # via s3transfer
click==8.1.7
    # via black
    # via uvicorn
exceptiongroup==1.2.2
    # via anyio
fastapi==0.114.0
    # via 2024-09-08-svaha-mini-back
h11==0.14.0
    # via uvicorn
idna==3.8
    # via anyio
    # via yarl
jmespath==1.0.1
    # via boto3
    # via botocore
multidict==6.0.5
    # via yarl
mypy-extensions==1.0.0
    # via black
packaging==24.1
    # via black
pamqp==3.3.0
    # via aiormq
pathspec==0.12.1
    # via black
platformdirs==4.3.3
    # via black
pydantic==2.9.0
    # via fastapi
    # via pydantic-settings
pydantic-core==2.23.2
    # via pydantic
pydantic-settings==2.4.0
    # via 2024-09-08-svaha-mini-back
python-dateutil==2.9.0.post0
    # via botocore
python-dotenv==1.0.1
    # via pydantic-settings
redis==5.0.8
    # via 2024-09-08-svaha-mini-back
ruff==0.6.5
s3transfer==0.10.2
    # via boto3
six==1.16.0
    # via python-dateutil
sniffio==1.3.1
    # via anyio
starlette==0.38.4
    # via fastapi
tomli==2.0.1
    # via black
typing-extensions==4.12.2
    # via aioredis
    # via anyio
    # via black
    # via fastapi
    # via pydantic
    # via pydantic-core
    # via uvicorn
tzdata==2024.1
    # via pydantic
ulid-py==1.1.0
    # via 2024-09-08-svaha-mini-back
urllib3==2.2.3
    # via botocore
uvicorn==0.30.6
    # via 2024-09-08-svaha-mini-back
yarl==1.10.0
    # via aio-pika
    # via aiormq
